
Microsoft Visual Studio Solution File, Format Version 12.00
Project("{FAE04EC0-301F-11D3-BF4B-00C04F79EFBC}") = "heliosphere-plugin", "heliosphere-plugin.csproj", "{3D862B8C-4FD0-4383-B198-A52A5BD95CAC}"
EndProject
Global
	GlobalSection(SolutionConfigurationPlatforms) = preSolution
		Debug|Any CPU = Debug|Any CPU
		Release|Any CPU = Release|Any CPU
	EndGlobalSection
	GlobalSection(ProjectConfigurationPlatforms) = postSolution
		{3D862B8C-4FD0-4383-B198-A52A5BD95CAC}.Release|Any CPU.ActiveCfg = Release|x64
		{3D862B8C-4FD0-4383-B198-A52A5BD95CAC}.Release|Any CPU.Build.0 = Release|x64
		{3D862B8C-4FD0-4383-B198-A52A5BD95CAC}.Debug|Any CPU.ActiveCfg = Debug|x64
		{3D862B8C-4FD0-4383-B198-A52A5BD95CAC}.Debug|Any CPU.Build.0 = Debug|x64
	EndGlobalSection
EndGlobal
