{
  "version": 1,
  "dependencies": {
    "net10.0-windows7.0": {
      "BitFaster.Caching": {
        "type": "Direct",
        "requested": "[2.5.4, )",
        "resolved": "2.5.4",
        "contentHash": "1QroTY1PVCZOSG9FnkkCrmCKk/+bZCgI/YXq376HnYwUDJ4Ho0EaV4YaA/5v5WYLnwIwIO7RZkdWbg9pxIpueQ=="
      },
      "Blake3": {
        "type": "Direct",
        "requested": "[2.2.1, )",
        "resolved": "2.2.1",
        "contentHash": "HfNW2Iiy4hCaVDVGFEyk0mks+M5HSU3O8O517LyYkI6FFuj2jpvNlag4kGQFDSRmJi4/axgOei8k02NKq/uoDg=="
      },
      "DalamudPackager": {
        "type": "Direct",
        "requested": "[14.0.2, )",
        "resolved": "14.0.2",
        "contentHash": "dQJeq+8eyHzra4Cg5eZ/3LAeS3/UpvvLriYJGSncMK9LqJ7Q4B6jwcOsxo3PfxVd15xj+IzVFxkPqIBmPQu8/w=="
      },
      "DequeNet": {
        "type": "Direct",
        "requested": "[1.0.2, )",
        "resolved": "1.0.2",
        "contentHash": "k+H1EtqxGSdIjNSQTFfYfUNxa3do+ideGyHBeZv/I8F38RRaB+f7Rqod3LOm5PiVvPo46js00PDJrjkZ0WX3vw==",
        "dependencies": {
          "Microsoft.NETCore.Portable.Compatibility": "1.0.1",
          "NETStandard.Library": "1.6.0"
        }
      },
      "DotNet.ReproducibleBuilds": {
        "type": "Direct",
        "requested": "[1.2.39, )",
        "resolved": "1.2.39",
        "contentHash": "fcFN01tDTIQqDuTwr1jUQK/geofiwjG5DycJQOnC72i1SsLAk1ELe+apBOuZ11UMQG8YKFZG1FgvjZPbqHyatg=="
      },
      "Fody": {
        "type": "Direct",
        "requested": "[6.9.3, )",
        "resolved": "6.9.3",
        "contentHash": "1CUGgFdyECDKgi5HaUBhdv6k+VG9Iy4OCforGfHyar3xQXAJypZkzymgKtWj/4SPd6nSG0Qi7NH71qHrDSZLaA=="
      },
      "gfoidl.Base64": {
        "type": "Direct",
        "requested": "[2.0.0, )",
        "resolved": "2.0.0",
        "contentHash": "SNHyBMsh2yQ1D/P8y36YudgHwlhp4hi9bGNkcEcaFb4jmhz3iTbGoevbtirRu0t7XynglXNfqPTXsQCNtStZwg=="
      },
      "Humanizer.Core": {
        "type": "Direct",
        "requested": "[3.0.10, )",
        "resolved": "3.0.10",
        "contentHash": "yZIhtw8sYuvsONzQbZxWpR60tMWYHXoo0DL6nyOqSFiU5POjBTSEyWFpTQtJEZuy+oqiYTXKXY/Mjx7KnqIQFw=="
      },
      "Konscious.Security.Cryptography.Argon2": {
        "type": "Direct",
        "requested": "[1.3.1, )",
        "resolved": "1.3.1",
        "contentHash": "T+OAGwzYYXftahpOxO7J4xA5K6urxwGnWQf3M+Jpi+76Azv/0T3M5SuN+h7/QvXuiqNw3ZEZ5QqVLI5ygDAylw==",
        "dependencies": {
          "Konscious.Security.Cryptography.Blake2": "1.1.1"
        }
      },
      "Markdig": {
        "type": "Direct",
        "requested": "[1.1.2, )",
        "resolved": "1.1.2",
        "contentHash": "mXh6Ah5p/jtryn7o96B2knDDJVgZ775HnFLObcVxuyWcfeHlsI95WUjiJH0m7ZOYGdCLvwRTwMhv023jUZoEAA=="
      },
      "Microsoft.AspNet.WebApi.Client": {
        "type": "Direct",
        "requested": "[6.0.0, )",
        "resolved": "6.0.0",
        "contentHash": "zXeWP03dTo67AoDHUzR+/urck0KFssdCKOC+dq7Nv1V2YbFh/nIg09L0/3wSvyRONEdwxGB/ssEGmPNIIhAcAw==",
        "dependencies": {
          "Newtonsoft.Json": "13.0.1",
          "Newtonsoft.Json.Bson": "1.0.2"
        }
      },
      "Microsoft.Extensions.DependencyInjection": {
        "type": "Direct",
        "requested": "[10.0.5, )",
        "resolved": "10.0.5",
        "contentHash": "v1SVsowG6YE1YnHVGmLWz57YTRCQRx9pH5ebIESXfm5isI9gA3QaMyg/oMTzPpXYZwSAVDzYItGJKfmV+pqXkQ==",
        "dependencies": {
          "Microsoft.Extensions.DependencyInjection.Abstractions": "10.0.5"
        }
      },
      "Microsoft.Extensions.Http": {
        "type": "Direct",
        "requested": "[10.0.5, )",
        "resolved": "10.0.5",
        "contentHash": "AiFvHYM8nP0wPC7bGPI3NHQlSYSLqjjT7DMJUuuxhd+7pz3O89iu2gdQfgACy5DxsXENiok5i1bMacJL7KR8jA==",
        "dependencies": {
          "Microsoft.Extensions.Configuration.Abstractions": "10.0.5",
          "Microsoft.Extensions.DependencyInjection.Abstractions": "10.0.5",
          "Microsoft.Extensions.Diagnostics": "10.0.5",
          "Microsoft.Extensions.Logging": "10.0.5",
          "Microsoft.Extensions.Logging.Abstractions": "10.0.5",
          "Microsoft.Extensions.Options": "10.0.5"
        }
      },
      "Microsoft.Extensions.Http.Resilience": {
        "type": "Direct",
        "requested": "[10.4.0, )",
        "resolved": "10.4.0",
        "contentHash": "HbkUsPUC7vLy2TaDbdA9aooW64n9yX4sUppRuiJ1cOzzU1FUW+MVEotm6kYVq6AuUI9xwFSBhRFzA03blmk3VA==",
        "dependencies": {
          "Microsoft.Extensions.Http.Diagnostics": "10.4.0",
          "Microsoft.Extensions.ObjectPool": "10.0.4",
          "Microsoft.Extensions.Resilience": "10.4.0"
        }
      },
      "Microsoft.Windows.CsWin32": {
        "type": "Direct",
        "requested": "[0.3.269, )",
        "resolved": "0.3.269",
        "contentHash": "O4GVJ0ymxcoFRGS07VcoEClj7A9PIciHIjWDrPymzonhYlOfM7V0ZqGBUK19cUH3BPca9MfSOH0KLK/9JzQ8+Q==",
        "dependencies": {
          "Microsoft.Windows.SDK.Win32Docs": "0.1.42-alpha",
          "Microsoft.Windows.SDK.Win32Metadata": "69.0.7-preview",
          "Microsoft.Windows.WDK.Win32Metadata": "0.13.25-experimental"
        }
      },
      "Penumbra.Api": {
        "type": "Direct",
        "requested": "[5.13.1, )",
        "resolved": "5.13.1",
        "contentHash": "kmpqhcbnnF+Ib0F9g7+1W17IbZ8Q8G2zn3MJURd/rmQiB3D7cm8YS2JRmvhDzrN5w9OMlfq7MFxVtwG419YkIA=="
      },
      "Resourcer.Fody": {
        "type": "Direct",
        "requested": "[1.8.1, )",
        "resolved": "1.8.1",
        "contentHash": "FPeK4jKyyX5+mIjTnHNReGZk2/2xDhmu44UsBI5w9WEhbr4oTMmht3rnBr46A+GCGepC4+2N41K4vExDYiGNVQ==",
        "dependencies": {
          "Fody": "6.6.4"
        }
      },
      "Semver": {
        "type": "Direct",
        "requested": "[3.0.0, )",
        "resolved": "3.0.0",
        "contentHash": "9jZCicsVgTebqkAujRWtC9J1A5EQVlu0TVKHcgoCuv345ve5DYf4D1MjhKEnQjdRZo6x/vdv6QQrYFs7ilGzLA==",
        "dependencies": {
          "Microsoft.Extensions.Primitives": "5.0.1"
        }
      },
      "Sentry": {
        "type": "Direct",
        "requested": "[6.2.0, )",
        "resolved": "6.2.0",
        "contentHash": "kZkHnj9NvQTjf5e8VmVQUT2HdVSmph9MhSm6U+vGoB4vq2uR1a+ZRHpAksNJNl7EjaGbYp55cOWqx5Nh0jQc8w=="
      },
      "SimpleBase": {
        "type": "Direct",
        "requested": "[5.6.0, )",
        "resolved": "5.6.0",
        "contentHash": "1nNr/DCvcxTrQzN1gUnYzFpLkbAKcFYhF/aMK34jVxrPUjMwL/J3KNEp89M0WaW2k9FUpacxRe4BmjFFjOv3zw=="
      },
      "Sqids": {
        "type": "Direct",
        "requested": "[3.2.1, )",
        "resolved": "3.2.1",
        "contentHash": "8uqA+i1CYgRz5H/Sd+ucmEh+/r9IwihxH24XuBfvZPsERuWLjnOITeODdcKyFZ40wfeG1xH2H+MS4o7DpVt8og=="
      },
      "StrawberryShake.Server": {
        "type": "Direct",
        "requested": "[15.1.12, )",
        "resolved": "15.1.12",
        "contentHash": "SvOgReYFLMNG25tc67iIdgHn1QyHT0onRtICH7+gUxirXMRdWlyV3DX1zhZmBlPgVVUySePNB7fD0JlnGnvGfA==",
        "dependencies": {
          "StrawberryShake.Core": "15.1.12",
          "StrawberryShake.Transport.Http": "15.1.12",
          "StrawberryShake.Transport.WebSockets": "15.1.12"
        }
      },
      "StrawberryShake.Transport.Http": {
        "type": "Direct",
        "requested": "[15.1.12, )",
        "resolved": "15.1.12",
        "contentHash": "LWJYL5A/Tx9EMVg79kLu6wIIIPZuoxVSkM4bEbi0dTE/sjwiPP8mIqTZq6RU22Jts32PnScCds4D79zkNINy8A==",
        "dependencies": {
          "HotChocolate.Transport.Http": "15.1.12",
          "Microsoft.AspNetCore.WebUtilities": "9.0.2",
          "Microsoft.Extensions.DependencyInjection.Abstractions": "9.0.2",
          "Microsoft.Extensions.Http": "9.0.2",
          "StrawberryShake.Core": "15.1.12"
        }
      },
      "System.CommandLine": {
        "type": "Direct",
        "requested": "[2.0.5, )",
        "resolved": "2.0.5",
        "contentHash": "2XtWAPk1G6arpe3OCFNrYYuf6iIboznxs2elJSGgd8e0euou7LfGYFon6hBEfDWNtOLr0M3+oUVgy1a5EGa41A=="
      },
      "WebPDotNet": {
        "type": "Direct",
        "requested": "[1.2.0.20210418, )",
        "resolved": "1.2.0.20210418",
        "contentHash": "wN2SoyezZzOdPJZf22pujQBAYhXOaSR73nMlJjKamqU/cGZ60Iax2/udlZVfTorYnehX8knx5GMYBymu0aUwXw==",
        "dependencies": {
          "System.Drawing.Common": "5.0.2"
        }
      },
      "ZstdSharp.Port": {
        "type": "Direct",
        "requested": "[0.8.7, )",
        "resolved": "0.8.7",
        "contentHash": "+4VpxvzEKaHpfTjsLRMhQHx6brqGBkIA+fjUM3wUW8ZoWpPFAeKrO2Nf4uZDeBjjzNDNxSRvLQH4b3S9Ku4JJQ=="
      },
      "HotChocolate.Language.SyntaxTree": {
        "type": "Transitive",
        "resolved": "15.1.12",
        "contentHash": "FRQM0Sk2sy0bK2gjCYcl+oqLL2c9prQM2kxBKCdLKsi1vevGwcqV6zhq+5aNAWhVpfb5kh3j3eh9/Pz+WbDpUA==",
        "dependencies": {
          "Microsoft.Extensions.ObjectPool": "9.0.2"
        }
      },
      "HotChocolate.Transport.Abstractions": {
        "type": "Transitive",
        "resolved": "15.1.12",
        "contentHash": "+enoRrl0T5S5lybrRVYmmz7k5T+m/q1weB/V6zHYwyFjwhPbTD1ZJ/Yq+vucG2QS0thpCFjmzOkg8WOgPDueaA==",
        "dependencies": {
          "HotChocolate.Language.SyntaxTree": "15.1.12",
          "HotChocolate.Utilities.Buffers": "15.1.12"
        }
      },
      "HotChocolate.Transport.Http": {
        "type": "Transitive",
        "resolved": "15.1.12",
        "contentHash": "f8O4g1U35vYc8tsQLt/hlpggIibAE2FAzQwdmFpVZiVm81DtMSpqOutZYasTHxwNLXjUr1kbFyHpOFn/pfWw6Q==",
        "dependencies": {
          "HotChocolate.Transport.Abstractions": "15.1.12",
          "HotChocolate.Utilities": "15.1.12",
          "HotChocolate.Utilities.Buffers": "15.1.12"
        }
      },
      "HotChocolate.Utilities": {
        "type": "Transitive",
        "resolved": "15.1.12",
        "contentHash": "0QZi1LHSIGit4/q/bwBUwUT3Brn+GUXEmuWOrO7RplHFrRGxJfm0vJmW+aS/S6Lhzw6hKnuBNjDYBz9gHRT2Ug==",
        "dependencies": {
          "Microsoft.Extensions.DependencyInjection.Abstractions": "9.0.2"
        }
      },
      "HotChocolate.Utilities.Buffers": {
        "type": "Transitive",
        "resolved": "15.1.12",
        "contentHash": "ogUkFMXQwI90/gkziVBt3tWklt6orsYGpa7OWBmyYl9PMSe62HTm15WZV+oTTNQf3Ed71h8SwYNnPMqP/YpSxA=="
      },
      "Konscious.Security.Cryptography.Blake2": {
        "type": "Transitive",
        "resolved": "1.1.1",
        "contentHash": "odwOyzj/J/lHJZNwFWJGU/LRecBShupAJ2S8TQqZfhUe9niHzu/voBYK5wuVKsvSpzbfupKQYZguVyIk1sgOkQ=="
      },
      "Microsoft.AspNetCore.WebUtilities": {
        "type": "Transitive",
        "resolved": "9.0.2",
        "contentHash": "6am1vl7i7ODhQ6rrzmSyeaa8egIm8N+iwXbu1rEKJnCtlGn+xPBNhBx+ucaMonMVbfWxcvWptL0ap8guxrMOGw==",
        "dependencies": {
          "Microsoft.Net.Http.Headers": "9.0.2"
        }
      },
      "Microsoft.Extensions.AmbientMetadata.Application": {
        "type": "Transitive",
        "resolved": "10.4.0",
        "contentHash": "bovnONzrr/JIc+w343i857rJEb7cQH9UzEjbV5n67agWBEYICGQb8xiqYz5+GoFXp6mKEKLwYCQGttMU1p5yXQ==",
        "dependencies": {
          "Microsoft.Extensions.Configuration": "10.0.4",
          "Microsoft.Extensions.Hosting.Abstractions": "10.0.4",
          "Microsoft.Extensions.Options.ConfigurationExtensions": "10.0.4"
        }
      },
      "Microsoft.Extensions.Compliance.Abstractions": {
        "type": "Transitive",
        "resolved": "10.4.0",
        "contentHash": "4WkknDbVrHNf+S6fwSt1OAXlGJ/G/QrtJlqx4aNzOLmeT3GRyxpGLZn+Q3UV+RMRAF6FfsijEZBg2ZAW8bTAkg==",
        "dependencies": {
          "Microsoft.Extensions.DependencyInjection.Abstractions": "10.0.4",
          "Microsoft.Extensions.ObjectPool": "10.0.4"
        }
      },
      "Microsoft.Extensions.Configuration": {
        "type": "Transitive",
        "resolved": "10.0.5",
        "contentHash": "8Rx5sqg04FttxrumyG6bmoRuFRgYzK6IVwF1i0/o0cXfKBdDeVpJejKHtJCMjyg9E/DNMVqpqOGe/tCT5gYvVA==",
        "dependencies": {
          "Microsoft.Extensions.Configuration.Abstractions": "10.0.5",
          "Microsoft.Extensions.Primitives": "10.0.5"
        }
      },
      "Microsoft.Extensions.Configuration.Abstractions": {
        "type": "Transitive",
        "resolved": "10.0.5",
        "contentHash": "P09QpTHjqHmCLQOTC+WyLkoRNxek4NIvfWt+TnU0etoDUSRxcltyd6+j/ouRbMdLR0j44GqGO+lhI2M4fAHG4g==",
        "dependencies": {
          "Microsoft.Extensions.Primitives": "10.0.5"
        }
      },
      "Microsoft.Extensions.Configuration.Binder": {
        "type": "Transitive",
        "resolved": "10.0.5",
        "contentHash": "99Z4rjyXopb1MIazDSPcvwYCUdYNO01Cf1GUs2WUjIFAbkGmwzj2vPa2k+3pheJRV+YgNd2QqRKHAri0oBAU4Q==",
        "dependencies": {
          "Microsoft.Extensions.Configuration": "10.0.5",
          "Microsoft.Extensions.Configuration.Abstractions": "10.0.5"
        }
      },
      "Microsoft.Extensions.DependencyInjection.Abstractions": {
        "type": "Transitive",
        "resolved": "10.0.5",
        "contentHash": "iVMtq9eRvzyhx8949EGT0OCYJfXi737SbRVzWXE5GrOgGj5AaZ9eUuxA/BSUfmOMALKn/g8KfFaNQw0eiB3lyA=="
      },
      "Microsoft.Extensions.DependencyInjection.AutoActivation": {
        "type": "Transitive",
        "resolved": "10.4.0",
        "contentHash": "ksmUG2SFTcXzYdyoLOdeSM/qYLRGN6qbbSzYVkwMK9xsctfR1hYkUayeOpFCMd7L+QSlYX72mK9wxwdgQxyS4g==",
        "dependencies": {
          "Microsoft.Extensions.Hosting.Abstractions": "10.0.4"
        }
      },
      "Microsoft.Extensions.Diagnostics": {
        "type": "Transitive",
        "resolved": "10.0.5",
        "contentHash": "vAJHd4yOpmKoK+jBuYV7a3y+Ab9U4ARCc29b6qvMy276RgJFw9LFs0DdsPqOL3ahwzyrX7tM+i4cCxU/RX0qAg==",
        "dependencies": {
          "Microsoft.Extensions.Configuration": "10.0.5",
          "Microsoft.Extensions.Diagnostics.Abstractions": "10.0.5",
          "Microsoft.Extensions.Options.ConfigurationExtensions": "10.0.5"
        }
      },
      "Microsoft.Extensions.Diagnostics.Abstractions": {
        "type": "Transitive",
        "resolved": "10.0.5",
        "contentHash": "/nYGrpa9/0BZofrVpBbbj+Ns8ZesiPE0V/KxsuHgDgHQopIzN54nRaQGSuvPw16/kI9sW1Zox5yyAPqvf0Jz6A==",
        "dependencies": {
          "Microsoft.Extensions.DependencyInjection.Abstractions": "10.0.5",
          "Microsoft.Extensions.Options": "10.0.5"
        }
      },
      "Microsoft.Extensions.Diagnostics.ExceptionSummarization": {
        "type": "Transitive",
        "resolved": "10.4.0",
        "contentHash": "1/hQmONMWxRTKXuN0pQShQN9QsqIRTS1G4fdmKW0O9phuVZjyzIROQD9Fbfwyn2t+yvP8SzjatGAPX4jDRfgHg==",
        "dependencies": {
          "Microsoft.Extensions.DependencyInjection.Abstractions": "10.0.4"
        }
      },
      "Microsoft.Extensions.FileProviders.Abstractions": {
        "type": "Transitive",
        "resolved": "10.0.4",
        "contentHash": "3hLXFZ1E/Kj3obIcb9iMCC95MpW2e8EkWxpXKgUfgGBfm+yn507pHAjPaHoi2U3GlSHIm/21DPCDLumwlMowjw==",
        "dependencies": {
          "Microsoft.Extensions.Primitives": "10.0.4"
        }
      },
      "Microsoft.Extensions.Hosting.Abstractions": {
        "type": "Transitive",
        "resolved": "10.0.4",
        "contentHash": "+5mQrqlBhqNUaPyDmFSNM/qiWStvE9LMxZW1MRF0NhEbO781xNeKryXNR9gGDJ0PmYFDAVoMT9ffX+I15LPFTw==",
        "dependencies": {
          "Microsoft.Extensions.Configuration.Abstractions": "10.0.4",
          "Microsoft.Extensions.DependencyInjection.Abstractions": "10.0.4",
          "Microsoft.Extensions.Diagnostics.Abstractions": "10.0.4",
          "Microsoft.Extensions.FileProviders.Abstractions": "10.0.4",
          "Microsoft.Extensions.Logging.Abstractions": "10.0.4"
        }
      },
      "Microsoft.Extensions.Http.Diagnostics": {
        "type": "Transitive",
        "resolved": "10.4.0",
        "contentHash": "ybx2QcCWROCnUCbSj/IyHXn1c58brjjHzTTbueKgBl/qHsWk69mu25mjQ3oaMsO1I0+EcS6AhVuhIopL2q3IDw==",
        "dependencies": {
          "Microsoft.Extensions.Http": "10.0.4",
          "Microsoft.Extensions.Telemetry": "10.4.0"
        }
      },
      "Microsoft.Extensions.Logging": {
        "type": "Transitive",
        "resolved": "10.0.5",
        "contentHash": "+XTMKQyDWg4ODoNHU/BN3BaI1jhGO7VCS+BnzT/4IauiG6y2iPAte7MyD7rHKS+hNP0TkFkjrae8DFjDUxtcxg==",
        "dependencies": {
          "Microsoft.Extensions.DependencyInjection": "10.0.5",
          "Microsoft.Extensions.Logging.Abstractions": "10.0.5",
          "Microsoft.Extensions.Options": "10.0.5"
        }
      },
      "Microsoft.Extensions.Logging.Abstractions": {
        "type": "Transitive",
        "resolved": "10.0.5",
        "contentHash": "9HOdqlDtPptVcmKAjsQ/Nr5Rxfq6FMYLdhvZh1lVmeKR738qeYecQD7+ldooXf+u2KzzR1kafSphWngIM3C6ug==",
        "dependencies": {
          "Microsoft.Extensions.DependencyInjection.Abstractions": "10.0.5"
        }
      },
      "Microsoft.Extensions.Logging.Configuration": {
        "type": "Transitive",
        "resolved": "10.0.4",
        "contentHash": "XPXoOpUnWEh0pV7Vl2DK2wj47y73Krhrve5OkPrvGIWdZ4U2r47WO8hEdv+wKn65Kh4pmDdiWm7Ibo5pZX+vig==",
        "dependencies": {
          "Microsoft.Extensions.Configuration": "10.0.4",
          "Microsoft.Extensions.Configuration.Abstractions": "10.0.4",
          "Microsoft.Extensions.Configuration.Binder": "10.0.4",
          "Microsoft.Extensions.DependencyInjection.Abstractions": "10.0.4",
          "Microsoft.Extensions.Logging": "10.0.4",
          "Microsoft.Extensions.Logging.Abstractions": "10.0.4",
          "Microsoft.Extensions.Options": "10.0.4",
          "Microsoft.Extensions.Options.ConfigurationExtensions": "10.0.4"
        }
      },
      "Microsoft.Extensions.ObjectPool": {
        "type": "Transitive",
        "resolved": "10.0.4",
        "contentHash": "2pufIFOgNl/yWTOoIC9XgBnO9VxgfAjdRCnVwpE2+ICfcroGnjuEAGzJ5lTdZeAe0HvA31vMBWXtcmGB7TOq3g=="
      },
      "Microsoft.Extensions.Options": {
        "type": "Transitive",
        "resolved": "10.0.5",
        "contentHash": "MDaQMdUplw0AIRhWWmbLA7yQEXaLIHb+9CTroTiNS8OlI0LMXS4LCxtopqauiqGCWlRgJ+xyraVD8t6veRAFbw==",
        "dependencies": {
          "Microsoft.Extensions.DependencyInjection.Abstractions": "10.0.5",
          "Microsoft.Extensions.Primitives": "10.0.5"
        }
      },
      "Microsoft.Extensions.Options.ConfigurationExtensions": {
        "type": "Transitive",
        "resolved": "10.0.5",
        "contentHash": "BB9uUW3+6Rxu1R97OB1H/13lUF8P2+H1+eDhpZlK30kDh/6E4EKHBUqTp+ilXQmZLzsRErxON8aBSR6WpUKJdg==",
        "dependencies": {
          "Microsoft.Extensions.Configuration.Abstractions": "10.0.5",
          "Microsoft.Extensions.Configuration.Binder": "10.0.5",
          "Microsoft.Extensions.DependencyInjection.Abstractions": "10.0.5",
          "Microsoft.Extensions.Options": "10.0.5",
          "Microsoft.Extensions.Primitives": "10.0.5"
        }
      },
      "Microsoft.Extensions.Primitives": {
        "type": "Transitive",
        "resolved": "10.0.5",
        "contentHash": "/HUHJ0tw/LQvD0DZrz50eQy/3z7PfX7WWEaXnjKTV9/TNdcgFlNTZGo49QhS7PTmhDqMyHRMqAXSBxLh0vso4g=="
      },
      "Microsoft.Extensions.Resilience": {
        "type": "Transitive",
        "resolved": "10.4.0",
        "contentHash": "41CCbJJPsDWU6NsmKfANHkfT/+KCBlZZqQ1eBoQhhW0xqGCiWmUlMdi2BoaM/GcwKHX5WiQL/IESROmgk0Owfw==",
        "dependencies": {
          "Microsoft.Extensions.Diagnostics": "10.0.4",
          "Microsoft.Extensions.Diagnostics.ExceptionSummarization": "10.4.0",
          "Microsoft.Extensions.Options.ConfigurationExtensions": "10.0.4",
          "Microsoft.Extensions.Telemetry.Abstractions": "10.4.0",
          "Polly.Extensions": "8.4.2",
          "Polly.RateLimiting": "8.4.2"
        }
      },
      "Microsoft.Extensions.Telemetry": {
        "type": "Transitive",
        "resolved": "10.4.0",
        "contentHash": "AbHleTzdpGPjA6RpOjKVHEYx7SoBRnJ2bwAbbPa3aGB7HiVwBmeTJhBGhtIBiuIW0VpKDS8x+bV5iWqpBRIf4w==",
        "dependencies": {
          "Microsoft.Extensions.AmbientMetadata.Application": "10.4.0",
          "Microsoft.Extensions.DependencyInjection.AutoActivation": "10.4.0",
          "Microsoft.Extensions.Logging.Configuration": "10.0.4",
          "Microsoft.Extensions.ObjectPool": "10.0.4",
          "Microsoft.Extensions.Telemetry.Abstractions": "10.4.0"
        }
      },
      "Microsoft.Extensions.Telemetry.Abstractions": {
        "type": "Transitive",
        "resolved": "10.4.0",
        "contentHash": "3b2uVa4voJfLLg39BPCKQS0ZgnpEZFkKf7YmnMVlM5FQJYBPOuePIQdnEK1/Oxd+w3GscxGYuE7IMOXDwixZtQ==",
        "dependencies": {
          "Microsoft.Extensions.Compliance.Abstractions": "10.4.0",
          "Microsoft.Extensions.Logging.Abstractions": "10.0.4",
          "Microsoft.Extensions.ObjectPool": "10.0.4",
          "Microsoft.Extensions.Options": "10.0.4"
        }
      },
      "Microsoft.Net.Http.Headers": {
        "type": "Transitive",
        "resolved": "9.0.2",
        "contentHash": "DJHjP1cTSu+sMt0vdNFLH9/wLHkq3EZk6BPZKI/R9anry41Ng/TOOZM0iXo+stXlY3LivTW/70Y26oMVGgTsTg==",
        "dependencies": {
          "Microsoft.Extensions.Primitives": "9.0.2"
        }
      },
      "Microsoft.NETCore.Jit": {
        "type": "Transitive",
        "resolved": "1.0.2",
        "contentHash": "Ok2vWofa6X8WD9vc4pfLHwvJz1/B6t3gOAoZcjrjrQf7lQOlNIuZIZtLn3wnWX28DuQGpPJkRlBxFj7Z5txNqw=="
      },
      "Microsoft.NETCore.Platforms": {
        "type": "Transitive",
        "resolved": "5.0.0",
        "contentHash": "VyPlqzH2wavqquTcYpkIIAQ6WdenuKoFN0BdYBbCWsclXacSOHNQn66Gt4z5NBqEYW0FAPm5rlvki9ZiCij5xQ=="
      },
      "Microsoft.NETCore.Portable.Compatibility": {
        "type": "Transitive",
        "resolved": "1.0.1",
        "contentHash": "Vd+lvLcGwvkedxtKn0U8s9uR4p0Lm+0U2QvDsLaw7g4S1W4KfPDbaW+ROhhLCSOx/gMYC72/b+z+o4fqS/oxVg==",
        "dependencies": {
          "Microsoft.NETCore.Runtime.CoreCLR": "1.0.2"
        }
      },
      "Microsoft.NETCore.Runtime.CoreCLR": {
        "type": "Transitive",
        "resolved": "1.0.2",
        "contentHash": "A0x1xtTjYJWZr2DRzgfCOXgB0JkQg8twnmtTJ79wFje+IihlLbXtx6Z2AxyVokBM5ruwTedR6YdCmHk39QJdtQ==",
        "dependencies": {
          "Microsoft.NETCore.Jit": "1.0.2",
          "Microsoft.NETCore.Windows.ApiSets": "1.0.1"
        }
      },
      "Microsoft.NETCore.Windows.ApiSets": {
        "type": "Transitive",
        "resolved": "1.0.1",
        "contentHash": "SaToCvvsGMxTgtLv/BrFQ5IFMPRE1zpWbnqbpwykJa8W5XiX82CXI6K2o7yf5xS7EP6t/JzFLV0SIDuWpvBZVw=="
      },
      "Microsoft.Win32.SystemEvents": {
        "type": "Transitive",
        "resolved": "5.0.0",
        "contentHash": "Bh6blKG8VAKvXiLe2L+sEsn62nc1Ij34MrNxepD2OCrS5cpCwQa9MeLyhVQPQ/R4Wlzwuy6wMK8hLb11QPDRsQ==",
        "dependencies": {
          "Microsoft.NETCore.Platforms": "5.0.0"
        }
      },
      "Microsoft.Windows.SDK.Win32Docs": {
        "type": "Transitive",
        "resolved": "0.1.42-alpha",
        "contentHash": "Z/9po23gUA9aoukirh2ItMU2ZS9++Js9Gdds9fu5yuMojDrmArvY2y+tq9985tR3cxFxpZO1O35Wjfo0khj5HA=="
      },
      "Microsoft.Windows.SDK.Win32Metadata": {
        "type": "Transitive",
        "resolved": "69.0.7-preview",
        "contentHash": "RJoNjQJVCIDNLPbvYuaygCFknTyAxOUE45of1voj0jjOgJa9MB2m1/G8L8F3IYc+2EFG5aqa/9y8PEx7Tk2tLQ=="
      },
      "Microsoft.Windows.WDK.Win32Metadata": {
        "type": "Transitive",
        "resolved": "0.13.25-experimental",
        "contentHash": "IM50tb/+UIwBr9FMr6ZKcZjCMW+Axo6NjGqKxgjUfyCY8dRnYUfrJEXxAaXoWtYP4X8EmASmC1Jtwh4XucseZg==",
        "dependencies": {
          "Microsoft.Windows.SDK.Win32Metadata": "63.0.31-preview"
        }
      },
      "NETStandard.Library": {
        "type": "Transitive",
        "resolved": "1.6.0",
        "contentHash": "ypsCvIdCZ4IoYASJHt6tF2fMo7N30NLgV1EbmC+snO490OMl9FvVxmumw14rhReWU3j3g7BYudG6YCrchwHJlA==",
        "dependencies": {
          "Microsoft.NETCore.Platforms": "1.0.1"
        }
      },
      "Newtonsoft.Json": {
        "type": "Transitive",
        "resolved": "13.0.1",
        "contentHash": "ppPFpBcvxdsfUonNcvITKqLl3bqxWbDCZIzDWHzjpdAHRFfZe0Dw9HmA0+za13IdyrgJwpkDTDA9fHaxOrt20A=="
      },
      "Newtonsoft.Json.Bson": {
        "type": "Transitive",
        "resolved": "1.0.2",
        "contentHash": "QYFyxhaABwmq3p/21VrZNYvCg3DaEoN/wUuw5nmfAf0X3HLjgupwhkEWdgfb9nvGAUIv3osmZoD3kKl4jxEmYQ==",
        "dependencies": {
          "Newtonsoft.Json": "12.0.1"
        }
      },
      "Polly.Core": {
        "type": "Transitive",
        "resolved": "8.4.2",
        "contentHash": "BpE2I6HBYYA5tF0Vn4eoQOGYTYIK1BlF5EXVgkWGn3mqUUjbXAr13J6fZVbp7Q3epRR8yshacBMlsHMhpOiV3g=="
      },
      "Polly.Extensions": {
        "type": "Transitive",
        "resolved": "8.4.2",
        "contentHash": "GZ9vRVmR0jV2JtZavt+pGUsQ1O1cuRKG7R7VOZI6ZDy9y6RNPvRvXK1tuS4ffUrv8L0FTea59oEuQzgS0R7zSA==",
        "dependencies": {
          "Microsoft.Extensions.Logging.Abstractions": "8.0.0",
          "Microsoft.Extensions.Options": "8.0.0",
          "Polly.Core": "8.4.2"
        }
      },
      "Polly.RateLimiting": {
        "type": "Transitive",
        "resolved": "8.4.2",
        "contentHash": "ehTImQ/eUyO07VYW2WvwSmU9rRH200SKJ/3jku9rOkyWE0A2JxNFmAVms8dSn49QLSjmjFRRSgfNyOgr/2PSmA==",
        "dependencies": {
          "Polly.Core": "8.4.2",
          "System.Threading.RateLimiting": "8.0.0"
        }
      },
      "StrawberryShake.Core": {
        "type": "Transitive",
        "resolved": "15.1.12",
        "contentHash": "2Igwm9R30jzIxWAGQieCewePnPY59LcLSYGs0RzwTu+7VxJGy1XCC8gWgq+DQL64eCZWJwOrJ+Hsz4wiCcxZfA==",
        "dependencies": {
          "Microsoft.Extensions.DependencyInjection.Abstractions": "9.0.2",
          "StrawberryShake.Resources": "15.1.12"
        }
      },
      "StrawberryShake.Resources": {
        "type": "Transitive",
        "resolved": "15.1.12",
        "contentHash": "HoDznVkIIM6hy3eCobiVQ1HA+0y6p6eiEDnydaCrUNSLjyf+cdpnJDkYoFdJwv1mB8iFJ4bW0klve32fy371Ug=="
      },
      "StrawberryShake.Transport.WebSockets": {
        "type": "Transitive",
        "resolved": "15.1.12",
        "contentHash": "W3CdVHqB/QrIw6cHobYUN9Xd3vV5r+06ajDFV7adD6mkqdQxPjNSHYCNESMfB+RPYYwoggBvL8rmlT85Gp3iPw==",
        "dependencies": {
          "Microsoft.Extensions.Options": "9.0.2",
          "StrawberryShake.Core": "15.1.12",
          "StrawberryShake.Resources": "15.1.12"
        }
      },
      "System.Drawing.Common": {
        "type": "Transitive",
        "resolved": "5.0.2",
        "contentHash": "rvr/M1WPf24ljpvvrVd74+NdjRUJu1bBkspkZcnzSZnmAUQWSvanlQ0k/hVHk+cHufZbZfu7vOh/vYc0q5Uu/A==",
        "dependencies": {
          "Microsoft.Win32.SystemEvents": "5.0.0"
        }
      },
      "System.Threading.RateLimiting": {
        "type": "Transitive",
        "resolved": "8.0.0",
        "contentHash": "7mu9v0QDv66ar3DpGSZHg9NuNcxDaaAcnMULuZlaTpP9+hwXhrxNGsF5GmLkSHxFdb5bBc1TzeujsRgTrPWi+Q=="
      }
    }
  }
}